
Microsoft Visual Studio Solution File, Format Version 12.00
# Visual Studio Version 17
VisualStudioVersion = 17.0.32014.148
MinimumVisualStudioVersion = 10.0.40219.1
Project("{FAE04EC0-301F-11D3-BF4B-00C04F79EFBC}") = "RecaptchaV3-Bypass", "RecaptchaV3-Bypass\RecaptchaV3-Bypass.csproj", "{91719A2C-AA60-4A53-A216-442065A7DF05}"
EndProject
Global
	GlobalSection(SolutionConfigurationPlatforms) = preSolution
		Debug|Any CPU = Debug|Any CPU
		Release|Any CPU = Release|Any CPU
	EndGlobalSection
	GlobalSection(ProjectConfigurationPlatforms) = postSolution
		{91719A2C-AA60-4A53-A216-442065A7DF05}.Debug|Any CPU.ActiveCfg = Debug|Any CPU
		{91719A2C-AA60-4A53-A216-442065A7DF05}.Debug|Any CPU.Build.0 = Debug|Any CPU
		{91719A2C-AA60-4A53-A216-442065A7DF05}.Release|Any CPU.ActiveCfg = Release|Any CPU
		{91719A2C-AA60-4A53-A216-442065A7DF05}.Release|Any CPU.Build.0 = Release|Any CPU
	EndGlobalSection
	GlobalSection(SolutionProperties) = preSolution
		HideSolutionNode = FALSE
	EndGlobalSection
	GlobalSection(ExtensibilityGlobals) = postSolution
		SolutionGuid = {880B5E60-FE89-45D5-95EC-6D18617DB640}
	EndGlobalSection
EndGlobal
